
Microsoft Visual Studio Solution File, Format Version 12.00
# Visual Studio Version 16
VisualStudioVersion = 16.0.31613.86
MinimumVisualStudioVersion = 10.0.40219.1
Project("{FAE04EC0-301F-11D3-BF4B-00C04F79EFBC}") = "View", "View\View.csproj", "{A7BED477-5781-42BC-9A33-1E31CD4AE4B3}"
EndProject
Project("{FAE04EC0-301F-11D3-BF4B-00C04F79EFBC}") = "Resources", "Resources\Resources.csproj", "{0C0DF483-BA89-4C52-ADCA-7A98E42D8C93}"
EndProject
Project("{9A19103F-16F7-4668-BE54-9A1E7A4F7556}") = "NetworkController", "NetworkController\NetworkController.csproj", "{FFF37F57-4BC1-4351-A099-06CD3E550691}"
EndProject
Project("{9A19103F-16F7-4668-BE54-9A1E7A4F7556}") = "GameController", "GameController\GameController.csproj", "{D494BE0A-AFEE-4F24-8D2D-25B2F5552776}"
EndProject
Project("{9A19103F-16F7-4668-BE54-9A1E7A4F7556}") = "Vector2D", "Vector2D\Vector2D.csproj", "{B5ACC93C-6597-4F0E-BA8C-03C78E5E46D1}"
EndProject
Project("{9A19103F-16F7-4668-BE54-9A1E7A4F7556}") = "World", "World\World.csproj", "{FDF3D73B-76A5-4264-96FC-D89F09D8DCE4}"
EndProject
Project("{9A19103F-16F7-4668-BE54-9A1E7A4F7556}") = "Powerup", "Powerup\Powerup.csproj", "{44ACD85D-B7EE-46EA-B960-AAB70A29CFD6}"
EndProject
Project("{2150E333-8FDC-42A3-9474-1A3956D46DE8}") = "GameClasses", "GameClasses", "{F27AE272-7A05-4149-A3EF-95FC1DF33BDF}"
EndProject
Project("{9A19103F-16F7-4668-BE54-9A1E7A4F7556}") = "Projectile", "Projectile\Projectile.csproj", "{2A5FCEA0-C449-4841-857E-0CD61331C3E1}"
EndProject
Project("{9A19103F-16F7-4668-BE54-9A1E7A4F7556}") = "Wall", "Wall\Wall.csproj", "{36EFEAAB-239E-4C7E-8A80-64ED41619A3B}"
EndProject
Project("{9A19103F-16F7-4668-BE54-9A1E7A4F7556}") = "Tank", "Tank\Tank.csproj", "{2802AA75-D6E8-4EDE-BEFE-76EBF7D729AE}"
EndProject
Project("{9A19103F-16F7-4668-BE54-9A1E7A4F7556}") = "Server", "Server\Server.csproj", "{B7E65323-017F-4BC4-BE82-0D49E6972625}"
EndProject
Project("{9A19103F-16F7-4668-BE54-9A1E7A4F7556}") = "Beam", "Beam\Beam.csproj", "{77143EB9-D6EE-47A1-BBE2-4B63A45C2A31}"
EndProject
Project("{FAE04EC0-301F-11D3-BF4B-00C04F79EFBC}") = "ControlCommand", "ControlCommand\ControlCommand.csproj", "{ACA6712C-E415-4F78-9C83-B82AFDDFF5A2}"
EndProject
Global
	GlobalSection(SolutionConfigurationPlatforms) = preSolution
		Debug|Any CPU = Debug|Any CPU
		Release|Any CPU = Release|Any CPU
	EndGlobalSection
	GlobalSection(ProjectConfigurationPlatforms) = postSolution
		{A7BED477-5781-42BC-9A33-1E31CD4AE4B3}.Debug|Any CPU.ActiveCfg = Debug|Any CPU
		{A7BED477-5781-42BC-9A33-1E31CD4AE4B3}.Debug|Any CPU.Build.0 = Debug|Any CPU
		{A7BED477-5781-42BC-9A33-1E31CD4AE4B3}.Release|Any CPU.ActiveCfg = Release|Any CPU
		{A7BED477-5781-42BC-9A33-1E31CD4AE4B3}.Release|Any CPU.Build.0 = Release|Any CPU
		{0C0DF483-BA89-4C52-ADCA-7A98E42D8C93}.Debug|Any CPU.ActiveCfg = Debug|Any CPU
		{0C0DF483-BA89-4C52-ADCA-7A98E42D8C93}.Release|Any CPU.ActiveCfg = Release|Any CPU
		{0C0DF483-BA89-4C52-ADCA-7A98E42D8C93}.Release|Any CPU.Build.0 = Release|Any CPU
		{FFF37F57-4BC1-4351-A099-06CD3E550691}.Debug|Any CPU.ActiveCfg = Debug|Any CPU
		{FFF37F57-4BC1-4351-A099-06CD3E550691}.Debug|Any CPU.Build.0 = Debug|Any CPU
		{FFF37F57-4BC1-4351-A099-06CD3E550691}.Release|Any CPU.ActiveCfg = Release|Any CPU
		{FFF37F57-4BC1-4351-A099-06CD3E550691}.Release|Any CPU.Build.0 = Release|Any CPU
		{D494BE0A-AFEE-4F24-8D2D-25B2F5552776}.Debug|Any CPU.ActiveCfg = Debug|Any CPU
		{D494BE0A-AFEE-4F24-8D2D-25B2F5552776}.Debug|Any CPU.Build.0 = Debug|Any CPU
		{D494BE0A-AFEE-4F24-8D2D-25B2F5552776}.Release|Any CPU.ActiveCfg = Release|Any CPU
		{D494BE0A-AFEE-4F24-8D2D-25B2F5552776}.Release|Any CPU.Build.0 = Release|Any CPU
		{B5ACC93C-6597-4F0E-BA8C-03C78E5E46D1}.Debug|Any CPU.ActiveCfg = Debug|Any CPU
		{B5ACC93C-6597-4F0E-BA8C-03C78E5E46D1}.Debug|Any CPU.Build.0 = Debug|Any CPU
		{B5ACC93C-6597-4F0E-BA8C-03C78E5E46D1}.Release|Any CPU.ActiveCfg = Release|Any CPU
		{B5ACC93C-6597-4F0E-BA8C-03C78E5E46D1}.Release|Any CPU.Build.0 = Release|Any CPU
		{FDF3D73B-76A5-4264-96FC-D89F09D8DCE4}.Debug|Any CPU.ActiveCfg = Debug|Any CPU
		{FDF3D73B-76A5-4264-96FC-D89F09D8DCE4}.Debug|Any CPU.Build.0 = Debug|Any CPU
		{FDF3D73B-76A5-4264-96FC-D89F09D8DCE4}.Release|Any CPU.ActiveCfg = Release|Any CPU
		{FDF3D73B-76A5-4264-96FC-D89F09D8DCE4}.Release|Any CPU.Build.0 = Release|Any CPU
		{44ACD85D-B7EE-46EA-B960-AAB70A29CFD6}.Debug|Any CPU.ActiveCfg = Debug|Any CPU
		{44ACD85D-B7EE-46EA-B960-AAB70A29CFD6}.Debug|Any CPU.Build.0 = Debug|Any CPU
		{44ACD85D-B7EE-46EA-B960-AAB70A29CFD6}.Release|Any CPU.ActiveCfg = Release|Any CPU
		{44ACD85D-B7EE-46EA-B960-AAB70A29CFD6}.Release|Any CPU.Build.0 = Release|Any CPU
		{2A5FCEA0-C449-4841-857E-0CD61331C3E1}.Debug|Any CPU.ActiveCfg = Debug|Any CPU
		{2A5FCEA0-C449-4841-857E-0CD61331C3E1}.Debug|Any CPU.Build.0 = Debug|Any CPU
		{2A5FCEA0-C449-4841-857E-0CD61331C3E1}.Release|Any CPU.ActiveCfg = Release|Any CPU
		{2A5FCEA0-C449-4841-857E-0CD61331C3E1}.Release|Any CPU.Build.0 = Release|Any CPU
		{36EFEAAB-239E-4C7E-8A80-64ED41619A3B}.Debug|Any CPU.ActiveCfg = Debug|Any CPU
		{36EFEAAB-239E-4C7E-8A80-64ED41619A3B}.Debug|Any CPU.Build.0 = Debug|Any CPU
		{36EFEAAB-239E-4C7E-8A80-64ED41619A3B}.Release|Any CPU.ActiveCfg = Release|Any CPU
		{36EFEAAB-239E-4C7E-8A80-64ED41619A3B}.Release|Any CPU.Build.0 = Release|Any CPU
		{2802AA75-D6E8-4EDE-BEFE-76EBF7D729AE}.Debug|Any CPU.ActiveCfg = Debug|Any CPU
		{2802AA75-D6E8-4EDE-BEFE-76EBF7D729AE}.Debug|Any CPU.Build.0 = Debug|Any CPU
		{2802AA75-D6E8-4EDE-BEFE-76EBF7D729AE}.Release|Any CPU.ActiveCfg = Release|Any CPU
		{2802AA75-D6E8-4EDE-BEFE-76EBF7D729AE}.Release|Any CPU.Build.0 = Release|Any CPU
		{B7E65323-017F-4BC4-BE82-0D49E6972625}.Debug|Any CPU.ActiveCfg = Debug|Any CPU
		{B7E65323-017F-4BC4-BE82-0D49E6972625}.Debug|Any CPU.Build.0 = Debug|Any CPU
		{B7E65323-017F-4BC4-BE82-0D49E6972625}.Release|Any CPU.ActiveCfg = Release|Any CPU
		{B7E65323-017F-4BC4-BE82-0D49E6972625}.Release|Any CPU.Build.0 = Release|Any CPU
		{77143EB9-D6EE-47A1-BBE2-4B63A45C2A31}.Debug|Any CPU.ActiveCfg = Debug|Any CPU
		{77143EB9-D6EE-47A1-BBE2-4B63A45C2A31}.Debug|Any CPU.Build.0 = Debug|Any CPU
		{77143EB9-D6EE-47A1-BBE2-4B63A45C2A31}.Release|Any CPU.ActiveCfg = Release|Any CPU
		{77143EB9-D6EE-47A1-BBE2-4B63A45C2A31}.Release|Any CPU.Build.0 = Release|Any CPU
		{ACA6712C-E415-4F78-9C83-B82AFDDFF5A2}.Debug|Any CPU.ActiveCfg = Debug|Any CPU
		{ACA6712C-E415-4F78-9C83-B82AFDDFF5A2}.Debug|Any CPU.Build.0 = Debug|Any CPU
		{ACA6712C-E415-4F78-9C83-B82AFDDFF5A2}.Release|Any CPU.ActiveCfg = Release|Any CPU
		{ACA6712C-E415-4F78-9C83-B82AFDDFF5A2}.Release|Any CPU.Build.0 = Release|Any CPU
	EndGlobalSection
	GlobalSection(SolutionProperties) = preSolution
		HideSolutionNode = FALSE
	EndGlobalSection
	GlobalSection(NestedProjects) = preSolution
		{B5ACC93C-6597-4F0E-BA8C-03C78E5E46D1} = {F27AE272-7A05-4149-A3EF-95FC1DF33BDF}
		{FDF3D73B-76A5-4264-96FC-D89F09D8DCE4} = {F27AE272-7A05-4149-A3EF-95FC1DF33BDF}
		{44ACD85D-B7EE-46EA-B960-AAB70A29CFD6} = {F27AE272-7A05-4149-A3EF-95FC1DF33BDF}
		{2A5FCEA0-C449-4841-857E-0CD61331C3E1} = {F27AE272-7A05-4149-A3EF-95FC1DF33BDF}
		{36EFEAAB-239E-4C7E-8A80-64ED41619A3B} = {F27AE272-7A05-4149-A3EF-95FC1DF33BDF}
		{2802AA75-D6E8-4EDE-BEFE-76EBF7D729AE} = {F27AE272-7A05-4149-A3EF-95FC1DF33BDF}
		{77143EB9-D6EE-47A1-BBE2-4B63A45C2A31} = {F27AE272-7A05-4149-A3EF-95FC1DF33BDF}
		{ACA6712C-E415-4F78-9C83-B82AFDDFF5A2} = {F27AE272-7A05-4149-A3EF-95FC1DF33BDF}
	EndGlobalSection
	GlobalSection(ExtensibilityGlobals) = postSolution
		SolutionGuid = {282965AA-49D2-4DD3-B12B-A75CB767AA1C}
	EndGlobalSection
EndGlobal
